<?xml version="1.0" encoding="UTF-8" standalone="yes" ?>
<CodeBlocks_project_file>
	<FileVersion major="1" minor="6" />
	<Project>
		<Option title="FinalProject" />
		<Option pch_mode="2" />
		<Option compiler="gcc" />
		<Build>
			<Target title="Debug">
				<Option output="bin/Debug/FinalProject" prefix_auto="1" extension_auto="1" />
				<Option working_dir="common/bin" />
				<Option object_output="obj/Debug/" />
				<Option type="1" />
				<Option compiler="gcc" />
				<Compiler>
					<Add option="-g" />
					<Add directory="include" />
				</Compiler>
			</Target>
			<Target title="Release">
				<Option output="bin/Release/FinalProject" prefix_auto="1" extension_auto="1" />
				<Option working_dir="common/bin" />
				<Option object_output="obj/Release/" />
				<Option type="0" />
				<Option compiler="gcc" />
				<Compiler>
					<Add option="-O2" />
					<Add directory="include" />
				</Compiler>
				<Linker>
					<Add option="-s" />
				</Linker>
			</Target>
		</Build>
		<Compiler>
			<Add option="-Wall" />
			<Add directory="../common/include" />
		</Compiler>
		<Linker>
			<Add library="../common/lib/libSOIL.a" />
			<Add library="glut32" />
			<Add library="opengl32" />
			<Add library="glu32" />
			<Add library="winmm" />
			<Add library="gdi32" />
			<Add library="../common/lib/libirrKlang.a" />
			<Add directory="../common/lib" />
		</Linker>
		<Unit filename="include/Anorms.h" />
		<Unit filename="include/_2dplyer.h" />
		<Unit filename="include/_3dmodelloader.h" />
		<Unit filename="include/_baseScene.h" />
		<Unit filename="include/_camera.h" />
		<Unit filename="include/_common.h" />
		<Unit filename="include/_enemyFactory.h" />
		<Unit filename="include/_fort.h" />
		<Unit filename="include/_inputs.h" />
		<Unit filename="include/_lighting.h" />
		<Unit filename="include/_model.h" />
		<Unit filename="include/_objLoader.h" />
		<Unit filename="include/_parallax.h" />
		<Unit filename="include/_sceneA.h" />
		<Unit filename="include/_sceneB.h" />
		<Unit filename="include/_sceneC.h" />
		<Unit filename="include/_sceneLanding.h" />
		<Unit filename="include/_sceneManager.h" />
		<Unit filename="include/_skybox.h" />
		<Unit filename="include/_sounds.h" />
		<Unit filename="include/_textureloader.h" />
		<Unit filename="include/_timer.h" />
		<Unit filename="main.cpp" />
		<Unit filename="src/_2dplyer.cpp" />
		<Unit filename="src/_3dmodelloader.cpp" />
		<Unit filename="src/_camera.cpp" />
		<Unit filename="src/_enemyFactory.cpp" />
		<Unit filename="src/_fort.cpp" />
		<Unit filename="src/_inputs.cpp" />
		<Unit filename="src/_lighting.cpp" />
		<Unit filename="src/_model.cpp" />
		<Unit filename="src/_objLoader.cpp" />
		<Unit filename="src/_parallax.cpp" />
		<Unit filename="src/_sceneA.cpp" />
		<Unit filename="src/_sceneB.cpp" />
		<Unit filename="src/_sceneC.cpp" />
		<Unit filename="src/_sceneLanding.cpp" />
		<Unit filename="src/_sceneManager.cpp" />
		<Unit filename="src/_skybox.cpp" />
		<Unit filename="src/_sounds.cpp" />
		<Unit filename="src/_textureloader.cpp" />
		<Unit filename="src/_timer.cpp" />
		<Extensions />
	</Project>
</CodeBlocks_project_file>
